
Microsoft Visual Studio Solution File, Format Version 12.00
# Visual Studio Version 17
VisualStudioVersion = 17.10.35122.118
MinimumVisualStudioVersion = 10.0.40219.1
Project("{FAE04EC0-301F-11D3-BF4B-00C04F79EFBC}") = "WinFormsAppBallTest", "WinFormsAppBallTest\WinFormsAppBallTest.csproj", "{78C1D6AB-3063-460D-B732-CE1D638D406C}"
EndProject
Global
	GlobalSection(SolutionConfigurationPlatforms) = preSolution
		Debug|Any CPU = Debug|Any CPU
		Release|Any CPU = Release|Any CPU
	EndGlobalSection
	GlobalSection(ProjectConfigurationPlatforms) = postSolution
		{78C1D6AB-3063-460D-B732-CE1D638D406C}.Debug|Any CPU.ActiveCfg = Debug|Any CPU
		{78C1D6AB-3063-460D-B732-CE1D638D406C}.Debug|Any CPU.Build.0 = Debug|Any CPU
		{78C1D6AB-3063-460D-B732-CE1D638D406C}.Release|Any CPU.ActiveCfg = Release|Any CPU
		{78C1D6AB-3063-460D-B732-CE1D638D406C}.Release|Any CPU.Build.0 = Release|Any CPU
	EndGlobalSection
	GlobalSection(SolutionProperties) = preSolution
		HideSolutionNode = FALSE
	EndGlobalSection
	GlobalSection(ExtensibilityGlobals) = postSolution
		SolutionGuid = {5224A5E8-50B4-4EEC-BD3E-721BB7BCD835}
	EndGlobalSection
EndGlobal
